
Microsoft Visual Studio Solution File, Format Version 12.00
# Visual Studio Version 17
VisualStudioVersion = 17.5.33424.131
MinimumVisualStudioVersion = 10.0.40219.1
Project("{FAE04EC0-301F-11D3-BF4B-00C04F79EFBC}") = "Atividade12_TrianguloOrientadoObjetos.ConsoleApp", "Atividade12 _TriânguloOrientadoObjetos.ConsoleApp\Atividade12_TrianguloOrientadoObjetos.ConsoleApp.csproj", "{702C0A3E-FACA-4957-B669-7BF388FDCD21}"
EndProject
Global
	GlobalSection(SolutionConfigurationPlatforms) = preSolution
		Debug|Any CPU = Debug|Any CPU
		Release|Any CPU = Release|Any CPU
	EndGlobalSection
	GlobalSection(ProjectConfigurationPlatforms) = postSolution
		{702C0A3E-FACA-4957-B669-7BF388FDCD21}.Debug|Any CPU.ActiveCfg = Debug|Any CPU
		{702C0A3E-FACA-4957-B669-7BF388FDCD21}.Debug|Any CPU.Build.0 = Debug|Any CPU
		{702C0A3E-FACA-4957-B669-7BF388FDCD21}.Release|Any CPU.ActiveCfg = Release|Any CPU
		{702C0A3E-FACA-4957-B669-7BF388FDCD21}.Release|Any CPU.Build.0 = Release|Any CPU
	EndGlobalSection
	GlobalSection(SolutionProperties) = preSolution
		HideSolutionNode = FALSE
	EndGlobalSection
	GlobalSection(ExtensibilityGlobals) = postSolution
		SolutionGuid = {4F58F03A-9A47-42F7-8B74-E80CC38FCFED}
	EndGlobalSection
EndGlobal
